
Microsoft Visual Studio Solution File, Format Version 12.00
# Visual Studio Version 16
VisualStudioVersion = 16.0.29104.9
MinimumVisualStudioVersion = 10.0.40219.1
Project("{FAE04EC0-301F-11D3-BF4B-00C04F79EFBC}") = "DeviceDataCollectorServer", "DeviceDataCollectorServer\DeviceDataCollectorServer.csproj", "{64A0C0B8-B335-4978-82F7-D77957F43067}"
EndProject
Global
	GlobalSection(SolutionConfigurationPlatforms) = preSolution
		Debug|Any CPU = Debug|Any CPU
		Release|Any CPU = Release|Any CPU
	EndGlobalSection
	GlobalSection(ProjectConfigurationPlatforms) = postSolution
		{64A0C0B8-B335-4978-82F7-D77957F43067}.Debug|Any CPU.ActiveCfg = Debug|Any CPU
		{64A0C0B8-B335-4978-82F7-D77957F43067}.Debug|Any CPU.Build.0 = Debug|Any CPU
		{64A0C0B8-B335-4978-82F7-D77957F43067}.Release|Any CPU.ActiveCfg = Release|Any CPU
		{64A0C0B8-B335-4978-82F7-D77957F43067}.Release|Any CPU.Build.0 = Release|Any CPU
	EndGlobalSection
	GlobalSection(SolutionProperties) = preSolution
		HideSolutionNode = FALSE
	EndGlobalSection
	GlobalSection(ExtensibilityGlobals) = postSolution
		SolutionGuid = {C2E2D2CA-BEC1-4D19-8D1F-7C32AB3DE35C}
	EndGlobalSection
EndGlobal
